
Microsoft Visual Studio Solution File, Format Version 12.00
# Visual Studio Version 16
VisualStudioVersion = 16.0.29318.209
MinimumVisualStudioVersion = 10.0.40219.1
Project("{9A19103F-16F7-4668-BE54-9A1E7A4F7556}") = "FunctionApp-fongdemo", "FunctionApp-fongdemo.csproj", "{FAE3B797-1857-416C-9C73-2E84BE9AE4F1}"
EndProject
Global
	GlobalSection(SolutionConfigurationPlatforms) = preSolution
		Debug|Any CPU = Debug|Any CPU
		Release|Any CPU = Release|Any CPU
	EndGlobalSection
	GlobalSection(ProjectConfigurationPlatforms) = postSolution
		{FAE3B797-1857-416C-9C73-2E84BE9AE4F1}.Debug|Any CPU.ActiveCfg = Debug|Any CPU
		{FAE3B797-1857-416C-9C73-2E84BE9AE4F1}.Debug|Any CPU.Build.0 = Debug|Any CPU
		{FAE3B797-1857-416C-9C73-2E84BE9AE4F1}.Release|Any CPU.ActiveCfg = Release|Any CPU
		{FAE3B797-1857-416C-9C73-2E84BE9AE4F1}.Release|Any CPU.Build.0 = Release|Any CPU
	EndGlobalSection
	GlobalSection(SolutionProperties) = preSolution
		HideSolutionNode = FALSE
	EndGlobalSection
	GlobalSection(ExtensibilityGlobals) = postSolution
		SolutionGuid = {5BC7F393-392C-47BA-906A-43460CB97914}
	EndGlobalSection
EndGlobal
